// !$*UTF8*$!
{
	archiveVersion = 1;
	classes = {
	};
	objectVersion = 50;
	objects = {

/* Begin PBXBuildFile section */
		590E9FF721775EF00080100A /* Database.swift in Sources */ = {isa = PBXBuildFile; fileRef = 590E9FF621775EF00080100A /* Database.swift */; };
		590E9FF921785D8C0080100A /* ObjectDetector.swift in Sources */ = {isa = PBXBuildFile; fileRef = 590E9FF821785D8C0080100A /* ObjectDetector.swift */; };
		590E9FFB21785EA90080100A /* ObjectDetectorDelegate.swift in Sources */ = {isa = PBXBuildFile; fileRef = 590E9FFA21785EA90080100A /* ObjectDetectorDelegate.swift */; };
		592DC1BE213FEF1A00E29665 /* SamplePhotoViewController.swift in Sources */ = {isa = PBXBuildFile; fileRef = 592DC1BD213FEF1A00E29665 /* SamplePhotoViewController.swift */; };
		594D8D44216749F4002F9CA3 /* ObjectTrackerDelegate.swift in Sources */ = {isa = PBXBuildFile; fileRef = 594D8D43216749F4002F9CA3 /* ObjectTrackerDelegate.swift */; };
		59652B12216360BD00B0CC1A /* GeometryFactory.swift in Sources */ = {isa = PBXBuildFile; fileRef = 59652B11216360BD00B0CC1A /* GeometryFactory.swift */; };
		59652B1821638DC600B0CC1A /* ObjectTracker.swift in Sources */ = {isa = PBXBuildFile; fileRef = 59652B1721638DC600B0CC1A /* ObjectTracker.swift */; };
		59652B1A2164AC8900B0CC1A /* FurnitureNet.mlmodel in Sources */ = {isa = PBXBuildFile; fileRef = 59652B192164AC8900B0CC1A /* FurnitureNet.mlmodel */; };
		59652B1C2164BA4600B0CC1A /* OverlayView.swift in Sources */ = {isa = PBXBuildFile; fileRef = 59652B1B2164BA4600B0CC1A /* OverlayView.swift */; };
		598D526D215149BE00DD307E /* ImageConverter.swift in Sources */ = {isa = PBXBuildFile; fileRef = 598D526C215149BE00DD307E /* ImageConverter.swift */; };
		599157A121402F4D00B3A8D7 /* ImageProcessor.swift in Sources */ = {isa = PBXBuildFile; fileRef = 599157A021402F4D00B3A8D7 /* ImageProcessor.swift */; };
		59B80625216F896B00C28A1A /* Instruction.swift in Sources */ = {isa = PBXBuildFile; fileRef = 59B80624216F896B00C28A1A /* Instruction.swift */; };
		59C058C821621EF50052AF82 /* ImageViewController.swift in Sources */ = {isa = PBXBuildFile; fileRef = 59C058C721621EF50052AF82 /* ImageViewController.swift */; };
		59C058CA216221D40052AF82 /* BarcodeScannerViewController.swift in Sources */ = {isa = PBXBuildFile; fileRef = 59C058C9216221D40052AF82 /* BarcodeScannerViewController.swift */; };
		59DFA236217A385E00FBBFF7 /* InstructionExecutioner.swift in Sources */ = {isa = PBXBuildFile; fileRef = 59DFA235217A385E00FBBFF7 /* InstructionExecutioner.swift */; };
		59DFA238217A3A0300FBBFF7 /* ScanInstruction.swift in Sources */ = {isa = PBXBuildFile; fileRef = 59DFA237217A3A0300FBBFF7 /* ScanInstruction.swift */; };
		59DFA23C217A555500FBBFF7 /* AssembleIntruction.swift in Sources */ = {isa = PBXBuildFile; fileRef = 59DFA23B217A555400FBBFF7 /* AssembleIntruction.swift */; };
		59F84AD3215E1649003FB510 /* FurnitureSelectionViewController.swift in Sources */ = {isa = PBXBuildFile; fileRef = 59F84AD2215E1649003FB510 /* FurnitureSelectionViewController.swift */; };
		59F84AD5215E19ED003FB510 /* FurnitureCollectionViewCell.swift in Sources */ = {isa = PBXBuildFile; fileRef = 59F84AD4215E19ED003FB510 /* FurnitureCollectionViewCell.swift */; };
		59F84AD7215E1A5D003FB510 /* Furniture.swift in Sources */ = {isa = PBXBuildFile; fileRef = 59F84AD6215E1A5D003FB510 /* Furniture.swift */; };
		59F84AD9215E1E50003FB510 /* FurnitureDetailViewController.swift in Sources */ = {isa = PBXBuildFile; fileRef = 59F84AD8215E1E50003FB510 /* FurnitureDetailViewController.swift */; };
		59F84ADB215E77A5003FB510 /* FurnitureInspecterViewController.swift in Sources */ = {isa = PBXBuildFile; fileRef = 59F84ADA215E77A5003FB510 /* FurnitureInspecterViewController.swift */; };
		E1ED297120BCA23B007DBE66 /* AppDelegate.swift in Sources */ = {isa = PBXBuildFile; fileRef = E1ED297020BCA23B007DBE66 /* AppDelegate.swift */; };
		E1ED297320BCA23B007DBE66 /* art.scnassets in Resources */ = {isa = PBXBuildFile; fileRef = E1ED297220BCA23B007DBE66 /* art.scnassets */; };
		E1ED297520BCA23B007DBE66 /* AssemblerViewController.swift in Sources */ = {isa = PBXBuildFile; fileRef = E1ED297420BCA23B007DBE66 /* AssemblerViewController.swift */; };
		E1ED297820BCA23B007DBE66 /* Main.storyboard in Resources */ = {isa = PBXBuildFile; fileRef = E1ED297620BCA23B007DBE66 /* Main.storyboard */; };
		E1ED297A20BCA23C007DBE66 /* Assets.xcassets in Resources */ = {isa = PBXBuildFile; fileRef = E1ED297920BCA23C007DBE66 /* Assets.xcassets */; };
		E1ED297D20BCA23C007DBE66 /* LaunchScreen.storyboard in Resources */ = {isa = PBXBuildFile; fileRef = E1ED297B20BCA23C007DBE66 /* LaunchScreen.storyboard */; };
		E1ED298820BCA23C007DBE66 /* ObjectDetectionInARTests.swift in Sources */ = {isa = PBXBuildFile; fileRef = E1ED298720BCA23C007DBE66 /* ObjectDetectionInARTests.swift */; };
		E1ED299320BCA23C007DBE66 /* ObjectDetectionInARUITests.swift in Sources */ = {isa = PBXBuildFile; fileRef = E1ED299220BCA23C007DBE66 /* ObjectDetectionInARUITests.swift */; };
/* End PBXBuildFile section */

/* Begin PBXContainerItemProxy section */
		E1ED298420BCA23C007DBE66 /* PBXContainerItemProxy */ = {
			isa = PBXContainerItemProxy;
			containerPortal = E1ED296520BCA23B007DBE66 /* Project object */;
			proxyType = 1;
			remoteGlobalIDString = E1ED296C20BCA23B007DBE66;
			remoteInfo = ObjectDetectionInAR;
		};
		E1ED298F20BCA23C007DBE66 /* PBXContainerItemProxy */ = {
			isa = PBXContainerItemProxy;
			containerPortal = E1ED296520BCA23B007DBE66 /* Project object */;
			proxyType = 1;
			remoteGlobalIDString = E1ED296C20BCA23B007DBE66;
			remoteInfo = ObjectDetectionInAR;
		};
/* End PBXContainerItemProxy section */

/* Begin PBXFileReference section */
		590E9FF621775EF00080100A /* Database.swift */ = {isa = PBXFileReference; lastKnownFileType = sourcecode.swift; path = Database.swift; sourceTree = "<group>"; };
		590E9FF821785D8C0080100A /* ObjectDetector.swift */ = {isa = PBXFileReference; lastKnownFileType = sourcecode.swift; path = ObjectDetector.swift; sourceTree = "<group>"; };
		590E9FFA21785EA90080100A /* ObjectDetectorDelegate.swift */ = {isa = PBXFileReference; lastKnownFileType = sourcecode.swift; path = ObjectDetectorDelegate.swift; sourceTree = "<group>"; };
		592DC1BD213FEF1A00E29665 /* SamplePhotoViewController.swift */ = {isa = PBXFileReference; lastKnownFileType = sourcecode.swift; path = SamplePhotoViewController.swift; sourceTree = "<group>"; };
		594D8D43216749F4002F9CA3 /* ObjectTrackerDelegate.swift */ = {isa = PBXFileReference; lastKnownFileType = sourcecode.swift; path = ObjectTrackerDelegate.swift; sourceTree = "<group>"; };
		59652B11216360BD00B0CC1A /* GeometryFactory.swift */ = {isa = PBXFileReference; lastKnownFileType = sourcecode.swift; path = GeometryFactory.swift; sourceTree = "<group>"; };
		59652B1721638DC600B0CC1A /* ObjectTracker.swift */ = {isa = PBXFileReference; lastKnownFileType = sourcecode.swift; path = ObjectTracker.swift; sourceTree = "<group>"; };
		59652B192164AC8900B0CC1A /* FurnitureNet.mlmodel */ = {isa = PBXFileReference; lastKnownFileType = file.mlmodel; path = FurnitureNet.mlmodel; sourceTree = "<group>"; };
		59652B1B2164BA4600B0CC1A /* OverlayView.swift */ = {isa = PBXFileReference; lastKnownFileType = sourcecode.swift; path = OverlayView.swift; sourceTree = "<group>"; };
		598D526C215149BE00DD307E /* ImageConverter.swift */ = {isa = PBXFileReference; lastKnownFileType = sourcecode.swift; path = ImageConverter.swift; sourceTree = "<group>"; };
		599157A021402F4D00B3A8D7 /* ImageProcessor.swift */ = {isa = PBXFileReference; lastKnownFileType = sourcecode.swift; path = ImageProcessor.swift; sourceTree = "<group>"; };
		59B80624216F896B00C28A1A /* Instruction.swift */ = {isa = PBXFileReference; lastKnownFileType = sourcecode.swift; path = Instruction.swift; sourceTree = "<group>"; };
		59C058C721621EF50052AF82 /* ImageViewController.swift */ = {isa = PBXFileReference; lastKnownFileType = sourcecode.swift; path = ImageViewController.swift; sourceTree = "<group>"; };
		59C058C9216221D40052AF82 /* BarcodeScannerViewController.swift */ = {isa = PBXFileReference; lastKnownFileType = sourcecode.swift; path = BarcodeScannerViewController.swift; sourceTree = "<group>"; };
		59DFA235217A385E00FBBFF7 /* InstructionExecutioner.swift */ = {isa = PBXFileReference; lastKnownFileType = sourcecode.swift; path = InstructionExecutioner.swift; sourceTree = "<group>"; };
		59DFA237217A3A0300FBBFF7 /* ScanInstruction.swift */ = {isa = PBXFileReference; lastKnownFileType = sourcecode.swift; path = ScanInstruction.swift; sourceTree = "<group>"; };
		59DFA23B217A555400FBBFF7 /* AssembleIntruction.swift */ = {isa = PBXFileReference; lastKnownFileType = sourcecode.swift; path = AssembleIntruction.swift; sourceTree = "<group>"; };
		59F84AD2215E1649003FB510 /* FurnitureSelectionViewController.swift */ = {isa = PBXFileReference; lastKnownFileType = sourcecode.swift; path = FurnitureSelectionViewController.swift; sourceTree = "<group>"; };
		59F84AD4215E19ED003FB510 /* FurnitureCollectionViewCell.swift */ = {isa = PBXFileReference; lastKnownFileType = sourcecode.swift; path = FurnitureCollectionViewCell.swift; sourceTree = "<group>"; };
		59F84AD6215E1A5D003FB510 /* Furniture.swift */ = {isa = PBXFileReference; lastKnownFileType = sourcecode.swift; path = Furniture.swift; sourceTree = "<group>"; };
		59F84AD8215E1E50003FB510 /* FurnitureDetailViewController.swift */ = {isa = PBXFileReference; lastKnownFileType = sourcecode.swift; path = FurnitureDetailViewController.swift; sourceTree = "<group>"; };
		59F84ADA215E77A5003FB510 /* FurnitureInspecterViewController.swift */ = {isa = PBXFileReference; lastKnownFileType = sourcecode.swift; path = FurnitureInspecterViewController.swift; sourceTree = "<group>"; };
		E1ED296D20BCA23B007DBE66 /* ObjectDetectionInAR.app */ = {isa = PBXFileReference; explicitFileType = wrapper.application; includeInIndex = 0; path = ObjectDetectionInAR.app; sourceTree = BUILT_PRODUCTS_DIR; };
		E1ED297020BCA23B007DBE66 /* AppDelegate.swift */ = {isa = PBXFileReference; lastKnownFileType = sourcecode.swift; path = AppDelegate.swift; sourceTree = "<group>"; };
		E1ED297220BCA23B007DBE66 /* art.scnassets */ = {isa = PBXFileReference; lastKnownFileType = wrapper.scnassets; path = art.scnassets; sourceTree = "<group>"; };
		E1ED297420BCA23B007DBE66 /* AssemblerViewController.swift */ = {isa = PBXFileReference; lastKnownFileType = sourcecode.swift; path = AssemblerViewController.swift; sourceTree = "<group>"; };
		E1ED297720BCA23B007DBE66 /* Base */ = {isa = PBXFileReference; lastKnownFileType = file.storyboard; name = Base; path = Base.lproj/Main.storyboard; sourceTree = "<group>"; };
		E1ED297920BCA23C007DBE66 /* Assets.xcassets */ = {isa = PBXFileReference; lastKnownFileType = folder.assetcatalog; path = Assets.xcassets; sourceTree = "<group>"; };
		E1ED297C20BCA23C007DBE66 /* Base */ = {isa = PBXFileReference; lastKnownFileType = file.storyboard; name = Base; path = Base.lproj/LaunchScreen.storyboard; sourceTree = "<group>"; };
		E1ED297E20BCA23C007DBE66 /* Info.plist */ = {isa = PBXFileReference; lastKnownFileType = text.plist.xml; path = Info.plist; sourceTree = "<group>"; };
		E1ED298320BCA23C007DBE66 /* ObjectDetectionInARTests.xctest */ = {isa = PBXFileReference; explicitFileType = wrapper.cfbundle; includeInIndex = 0; path = ObjectDetectionInARTests.xctest; sourceTree = BUILT_PRODUCTS_DIR; };
		E1ED298720BCA23C007DBE66 /* ObjectDetectionInARTests.swift */ = {isa = PBXFileReference; lastKnownFileType = sourcecode.swift; path = ObjectDetectionInARTests.swift; sourceTree = "<group>"; };
		E1ED298920BCA23C007DBE66 /* Info.plist */ = {isa = PBXFileReference; lastKnownFileType = text.plist.xml; path = Info.plist; sourceTree = "<group>"; };
		E1ED298E20BCA23C007DBE66 /* ObjectDetectionInARUITests.xctest */ = {isa = PBXFileReference; explicitFileType = wrapper.cfbundle; includeInIndex = 0; path = ObjectDetectionInARUITests.xctest; sourceTree = BUILT_PRODUCTS_DIR; };
		E1ED299220BCA23C007DBE66 /* ObjectDetectionInARUITests.swift */ = {isa = PBXFileReference; lastKnownFileType = sourcecode.swift; path = ObjectDetectionInARUITests.swift; sourceTree = "<group>"; };
		E1ED299420BCA23C007DBE66 /* Info.plist */ = {isa = PBXFileReference; lastKnownFileType = text.plist.xml; path = Info.plist; sourceTree = "<group>"; };
/* End PBXFileReference section */

/* Begin PBXFrameworksBuildPhase section */
		E1ED296A20BCA23B007DBE66 /* Frameworks */ = {
			isa = PBXFrameworksBuildPhase;
			buildActionMask = 2147483647;
			files = (
			);
			runOnlyForDeploymentPostprocessing = 0;
		};
		E1ED298020BCA23C007DBE66 /* Frameworks */ = {
			isa = PBXFrameworksBuildPhase;
			buildActionMask = 2147483647;
			files = (
			);
			runOnlyForDeploymentPostprocessing = 0;
		};
		E1ED298B20BCA23C007DBE66 /* Frameworks */ = {
			isa = PBXFrameworksBuildPhase;
			buildActionMask = 2147483647;
			files = (
			);
			runOnlyForDeploymentPostprocessing = 0;
		};
/* End PBXFrameworksBuildPhase section */

/* Begin PBXGroup section */
		594FE2FE217DF0CA000D5068 /* FurnitureSelection */ = {
			isa = PBXGroup;
			children = (
				59C058C9216221D40052AF82 /* BarcodeScannerViewController.swift */,
				59F84AD2215E1649003FB510 /* FurnitureSelectionViewController.swift */,
				59F84AD8215E1E50003FB510 /* FurnitureDetailViewController.swift */,
				59F84AD4215E19ED003FB510 /* FurnitureCollectionViewCell.swift */,
				59F84ADA215E77A5003FB510 /* FurnitureInspecterViewController.swift */,
				59F84AD6215E1A5D003FB510 /* Furniture.swift */,
			);
			path = FurnitureSelection;
			sourceTree = "<group>";
		};
		594FE2FF217DF125000D5068 /* Assembler */ = {
			isa = PBXGroup;
			children = (
				E1ED297420BCA23B007DBE66 /* AssemblerViewController.swift */,
				59652B1B2164BA4600B0CC1A /* OverlayView.swift */,
				59DFA235217A385E00FBBFF7 /* InstructionExecutioner.swift */,
				59652B1721638DC600B0CC1A /* ObjectTracker.swift */,
				590E9FF821785D8C0080100A /* ObjectDetector.swift */,
			);
			path = Assembler;
			sourceTree = "<group>";
		};
		594FE300217DF17A000D5068 /* Utilities */ = {
			isa = PBXGroup;
			children = (
				594FE302217DF1A5000D5068 /* Instruction */,
				599157A021402F4D00B3A8D7 /* ImageProcessor.swift */,
				598D526C215149BE00DD307E /* ImageConverter.swift */,
				59652B11216360BD00B0CC1A /* GeometryFactory.swift */,
				590E9FF621775EF00080100A /* Database.swift */,
				59C058C721621EF50052AF82 /* ImageViewController.swift */,
			);
			path = Utilities;
			sourceTree = "<group>";
		};
		594FE301217DF193000D5068 /* Protocols */ = {
			isa = PBXGroup;
			children = (
				594D8D43216749F4002F9CA3 /* ObjectTrackerDelegate.swift */,
				590E9FFA21785EA90080100A /* ObjectDetectorDelegate.swift */,
			);
			path = Protocols;
			sourceTree = "<group>";
		};
		594FE302217DF1A5000D5068 /* Instruction */ = {
			isa = PBXGroup;
			children = (
				59B80624216F896B00C28A1A /* Instruction.swift */,
				59DFA237217A3A0300FBBFF7 /* ScanInstruction.swift */,
				59DFA23B217A555400FBBFF7 /* AssembleIntruction.swift */,
			);
			path = Instruction;
			sourceTree = "<group>";
		};
		594FE303217DF20F000D5068 /* Storyboards */ = {
			isa = PBXGroup;
			children = (
				E1ED297620BCA23B007DBE66 /* Main.storyboard */,
				E1ED297B20BCA23C007DBE66 /* LaunchScreen.storyboard */,
			);
			path = Storyboards;
			sourceTree = "<group>";
		};
		594FE304217DF23C000D5068 /* Models */ = {
			isa = PBXGroup;
			children = (
				59652B192164AC8900B0CC1A /* FurnitureNet.mlmodel */,
			);
			path = Models;
			sourceTree = "<group>";
		};
		E1ED296420BCA23B007DBE66 = {
			isa = PBXGroup;
			children = (
				E1ED296F20BCA23B007DBE66 /* ObjectDetectionInAR */,
				E1ED298620BCA23C007DBE66 /* ObjectDetectionInARTests */,
				E1ED299120BCA23C007DBE66 /* ObjectDetectionInARUITests */,
				E1ED296E20BCA23B007DBE66 /* Products */,
			);
			sourceTree = "<group>";
		};
		E1ED296E20BCA23B007DBE66 /* Products */ = {
			isa = PBXGroup;
			children = (
				E1ED296D20BCA23B007DBE66 /* ObjectDetectionInAR.app */,
				E1ED298320BCA23C007DBE66 /* ObjectDetectionInARTests.xctest */,
				E1ED298E20BCA23C007DBE66 /* ObjectDetectionInARUITests.xctest */,
			);
			name = Products;
			sourceTree = "<group>";
		};
		E1ED296F20BCA23B007DBE66 /* ObjectDetectionInAR */ = {
			isa = PBXGroup;
			children = (
				594FE304217DF23C000D5068 /* Models */,
				594FE303217DF20F000D5068 /* Storyboards */,
				594FE301217DF193000D5068 /* Protocols */,
				594FE300217DF17A000D5068 /* Utilities */,
				594FE2FF217DF125000D5068 /* Assembler */,
				594FE2FE217DF0CA000D5068 /* FurnitureSelection */,
				E1ED297020BCA23B007DBE66 /* AppDelegate.swift */,
				E1ED297220BCA23B007DBE66 /* art.scnassets */,
				592DC1BD213FEF1A00E29665 /* SamplePhotoViewController.swift */,
				E1ED297920BCA23C007DBE66 /* Assets.xcassets */,
				E1ED297E20BCA23C007DBE66 /* Info.plist */,
			);
			path = ObjectDetectionInAR;
			sourceTree = "<group>";
		};
		E1ED298620BCA23C007DBE66 /* ObjectDetectionInARTests */ = {
			isa = PBXGroup;
			children = (
				E1ED298720BCA23C007DBE66 /* ObjectDetectionInARTests.swift */,
				E1ED298920BCA23C007DBE66 /* Info.plist */,
			);
			path = ObjectDetectionInARTests;
			sourceTree = "<group>";
		};
		E1ED299120BCA23C007DBE66 /* ObjectDetectionInARUITests */ = {
			isa = PBXGroup;
			children = (
				E1ED299220BCA23C007DBE66 /* ObjectDetectionInARUITests.swift */,
				E1ED299420BCA23C007DBE66 /* Info.plist */,
			);
			path = ObjectDetectionInARUITests;
			sourceTree = "<group>";
		};
/* End PBXGroup section */

/* Begin PBXNativeTarget section */
		E1ED296C20BCA23B007DBE66 /* ObjectDetectionInAR */ = {
			isa = PBXNativeTarget;
			buildConfigurationList = E1ED299720BCA23C007DBE66 /* Build configuration list for PBXNativeTarget "ObjectDetectionInAR" */;
			buildPhases = (
				E1ED296920BCA23B007DBE66 /* Sources */,
				E1ED296A20BCA23B007DBE66 /* Frameworks */,
				E1ED296B20BCA23B007DBE66 /* Resources */,
			);
			buildRules = (
			);
			dependencies = (
			);
			name = ObjectDetectionInAR;
			productName = ObjectDetectionInAR;
			productReference = E1ED296D20BCA23B007DBE66 /* ObjectDetectionInAR.app */;
			productType = "com.apple.product-type.application";
		};
		E1ED298220BCA23C007DBE66 /* ObjectDetectionInARTests */ = {
			isa = PBXNativeTarget;
			buildConfigurationList = E1ED299A20BCA23C007DBE66 /* Build configuration list for PBXNativeTarget "ObjectDetectionInARTests" */;
			buildPhases = (
				E1ED297F20BCA23C007DBE66 /* Sources */,
				E1ED298020BCA23C007DBE66 /* Frameworks */,
				E1ED298120BCA23C007DBE66 /* Resources */,
			);
			buildRules = (
			);
			dependencies = (
				E1ED298520BCA23C007DBE66 /* PBXTargetDependency */,
			);
			name = ObjectDetectionInARTests;
			productName = ObjectDetectionInARTests;
			productReference = E1ED298320BCA23C007DBE66 /* ObjectDetectionInARTests.xctest */;
			productType = "com.apple.product-type.bundle.unit-test";
		};
		E1ED298D20BCA23C007DBE66 /* ObjectDetectionInARUITests */ = {
			isa = PBXNativeTarget;
			buildConfigurationList = E1ED299D20BCA23C007DBE66 /* Build configuration list for PBXNativeTarget "ObjectDetectionInARUITests" */;
			buildPhases = (
				E1ED298A20BCA23C007DBE66 /* Sources */,
				E1ED298B20BCA23C007DBE66 /* Frameworks */,
				E1ED298C20BCA23C007DBE66 /* Resources */,
			);
			buildRules = (
			);
			dependencies = (
				E1ED299020BCA23C007DBE66 /* PBXTargetDependency */,
			);
			name = ObjectDetectionInARUITests;
			productName = ObjectDetectionInARUITests;
			productReference = E1ED298E20BCA23C007DBE66 /* ObjectDetectionInARUITests.xctest */;
			productType = "com.apple.product-type.bundle.ui-testing";
		};
/* End PBXNativeTarget section */

/* Begin PBXProject section */
		E1ED296520BCA23B007DBE66 /* Project object */ = {
			isa = PBXProject;
			attributes = {
				LastSwiftUpdateCheck = 0930;
				LastUpgradeCheck = 0930;
				ORGANIZATIONNAME = "Jan Svensson";
				TargetAttributes = {
					E1ED296C20BCA23B007DBE66 = {
						CreatedOnToolsVersion = 9.3.1;
					};
					E1ED298220BCA23C007DBE66 = {
						CreatedOnToolsVersion = 9.3.1;
						TestTargetID = E1ED296C20BCA23B007DBE66;
					};
					E1ED298D20BCA23C007DBE66 = {
						CreatedOnToolsVersion = 9.3.1;
						TestTargetID = E1ED296C20BCA23B007DBE66;
					};
				};
			};
			buildConfigurationList = E1ED296820BCA23B007DBE66 /* Build configuration list for PBXProject "ObjectDetectionInAR" */;
			compatibilityVersion = "Xcode 9.3";
			developmentRegion = en;
			hasScannedForEncodings = 0;
			knownRegions = (
				en,
				Base,
			);
			mainGroup = E1ED296420BCA23B007DBE66;
			productRefGroup = E1ED296E20BCA23B007DBE66 /* Products */;
			projectDirPath = "";
			projectRoot = "";
			targets = (
				E1ED296C20BCA23B007DBE66 /* ObjectDetectionInAR */,
				E1ED298220BCA23C007DBE66 /* ObjectDetectionInARTests */,
				E1ED298D20BCA23C007DBE66 /* ObjectDetectionInARUITests */,
			);
		};
/* End PBXProject section */

/* Begin PBXResourcesBuildPhase section */
		E1ED296B20BCA23B007DBE66 /* Resources */ = {
			isa = PBXResourcesBuildPhase;
			buildActionMask = 2147483647;
			files = (
				E1ED297320BCA23B007DBE66 /* art.scnassets in Resources */,
				E1ED297D20BCA23C007DBE66 /* LaunchScreen.storyboard in Resources */,
				E1ED297A20BCA23C007DBE66 /* Assets.xcassets in Resources */,
				E1ED297820BCA23B007DBE66 /* Main.storyboard in Resources */,
			);
			runOnlyForDeploymentPostprocessing = 0;
		};
		E1ED298120BCA23C007DBE66 /* Resources */ = {
			isa = PBXResourcesBuildPhase;
			buildActionMask = 2147483647;
			files = (
			);
			runOnlyForDeploymentPostprocessing = 0;
		};
		E1ED298C20BCA23C007DBE66 /* Resources */ = {
			isa = PBXResourcesBuildPhase;
			buildActionMask = 2147483647;
			files = (
			);
			runOnlyForDeploymentPostprocessing = 0;
		};
/* End PBXResourcesBuildPhase section */

/* Begin PBXSourcesBuildPhase section */
		E1ED296920BCA23B007DBE66 /* Sources */ = {
			isa = PBXSourcesBuildPhase;
			buildActionMask = 2147483647;
			files = (
				59652B12216360BD00B0CC1A /* GeometryFactory.swift in Sources */,
				59F84ADB215E77A5003FB510 /* FurnitureInspecterViewController.swift in Sources */,
				598D526D215149BE00DD307E /* ImageConverter.swift in Sources */,
				E1ED297520BCA23B007DBE66 /* AssemblerViewController.swift in Sources */,
				E1ED297120BCA23B007DBE66 /* AppDelegate.swift in Sources */,
				59F84AD7215E1A5D003FB510 /* Furniture.swift in Sources */,
				59DFA23C217A555500FBBFF7 /* AssembleIntruction.swift in Sources */,
				59DFA236217A385E00FBBFF7 /* InstructionExecutioner.swift in Sources */,
				59652B1C2164BA4600B0CC1A /* OverlayView.swift in Sources */,
				59B80625216F896B00C28A1A /* Instruction.swift in Sources */,
				59652B1A2164AC8900B0CC1A /* FurnitureNet.mlmodel in Sources */,
				59DFA238217A3A0300FBBFF7 /* ScanInstruction.swift in Sources */,
				599157A121402F4D00B3A8D7 /* ImageProcessor.swift in Sources */,
				59F84AD5215E19ED003FB510 /* FurnitureCollectionViewCell.swift in Sources */,
				590E9FF921785D8C0080100A /* ObjectDetector.swift in Sources */,
				59652B1821638DC600B0CC1A /* ObjectTracker.swift in Sources */,
				594D8D44216749F4002F9CA3 /* ObjectTrackerDelegate.swift in Sources */,
				590E9FFB21785EA90080100A /* ObjectDetectorDelegate.swift in Sources */,
				592DC1BE213FEF1A00E29665 /* SamplePhotoViewController.swift in Sources */,
				59C058CA216221D40052AF82 /* BarcodeScannerViewController.swift in Sources */,
				59F84AD9215E1E50003FB510 /* FurnitureDetailViewController.swift in Sources */,
				59C058C821621EF50052AF82 /* ImageViewController.swift in Sources */,
				590E9FF721775EF00080100A /* Database.swift in Sources */,
				59F84AD3215E1649003FB510 /* FurnitureSelectionViewController.swift in Sources */,
			);
			runOnlyForDeploymentPostprocessing = 0;
		};
		E1ED297F20BCA23C007DBE66 /* Sources */ = {
			isa = PBXSourcesBuildPhase;
			buildActionMask = 2147483647;
			files = (
				E1ED298820BCA23C007DBE66 /* ObjectDetectionInARTests.swift in Sources */,
			);
			runOnlyForDeploymentPostprocessing = 0;
		};
		E1ED298A20BCA23C007DBE66 /* Sources */ = {
			isa = PBXSourcesBuildPhase;
			buildActionMask = 2147483647;
			files = (
				E1ED299320BCA23C007DBE66 /* ObjectDetectionInARUITests.swift in Sources */,
			);
			runOnlyForDeploymentPostprocessing = 0;
		};
/* End PBXSourcesBuildPhase section */

/* Begin PBXTargetDependency section */
		E1ED298520BCA23C007DBE66 /* PBXTargetDependency */ = {
			isa = PBXTargetDependency;
			target = E1ED296C20BCA23B007DBE66 /* ObjectDetectionInAR */;
			targetProxy = E1ED298420BCA23C007DBE66 /* PBXContainerItemProxy */;
		};
		E1ED299020BCA23C007DBE66 /* PBXTargetDependency */ = {
			isa = PBXTargetDependency;
			target = E1ED296C20BCA23B007DBE66 /* ObjectDetectionInAR */;
			targetProxy = E1ED298F20BCA23C007DBE66 /* PBXContainerItemProxy */;
		};
/* End PBXTargetDependency section */

/* Begin PBXVariantGroup section */
		E1ED297620BCA23B007DBE66 /* Main.storyboard */ = {
			isa = PBXVariantGroup;
			children = (
				E1ED297720BCA23B007DBE66 /* Base */,
			);
			name = Main.storyboard;
			sourceTree = "<group>";
		};
		E1ED297B20BCA23C007DBE66 /* LaunchScreen.storyboard */ = {
			isa = PBXVariantGroup;
			children = (
				E1ED297C20BCA23C007DBE66 /* Base */,
			);
			name = LaunchScreen.storyboard;
			sourceTree = "<group>";
		};
/* End PBXVariantGroup section */

/* Begin XCBuildConfiguration section */
		E1ED299520BCA23C007DBE66 /* Debug */ = {
			isa = XCBuildConfiguration;
			buildSettings = {
				ALWAYS_SEARCH_USER_PATHS = NO;
				CLANG_ANALYZER_NONNULL = YES;
				CLANG_ANALYZER_NUMBER_OBJECT_CONVERSION = YES_AGGRESSIVE;
				CLANG_CXX_LANGUAGE_STANDARD = "gnu++14";
				CLANG_CXX_LIBRARY = "libc++";
				CLANG_ENABLE_MODULES = YES;
				CLANG_ENABLE_OBJC_ARC = YES;
				CLANG_ENABLE_OBJC_WEAK = YES;
				CLANG_WARN_BLOCK_CAPTURE_AUTORELEASING = YES;
				CLANG_WARN_BOOL_CONVERSION = YES;
				CLANG_WARN_COMMA = YES;
				CLANG_WARN_CONSTANT_CONVERSION = YES;
				CLANG_WARN_DEPRECATED_OBJC_IMPLEMENTATIONS = YES;
				CLANG_WARN_DIRECT_OBJC_ISA_USAGE = YES_ERROR;
				CLANG_WARN_DOCUMENTATION_COMMENTS = YES;
				CLANG_WARN_EMPTY_BODY = YES;
				CLANG_WARN_ENUM_CONVERSION = YES;
				CLANG_WARN_INFINITE_RECURSION = YES;
				CLANG_WARN_INT_CONVERSION = YES;
				CLANG_WARN_NON_LITERAL_NULL_CONVERSION = YES;
				CLANG_WARN_OBJC_IMPLICIT_RETAIN_SELF = YES;
				CLANG_WARN_OBJC_LITERAL_CONVERSION = YES;
				CLANG_WARN_OBJC_ROOT_CLASS = YES_ERROR;
				CLANG_WARN_RANGE_LOOP_ANALYSIS = YES;
				CLANG_WARN_STRICT_PROTOTYPES = YES;
				CLANG_WARN_SUSPICIOUS_MOVE = YES;
				CLANG_WARN_UNGUARDED_AVAILABILITY = YES_AGGRESSIVE;
				CLANG_WARN_UNREACHABLE_CODE = YES;
				CLANG_WARN__DUPLICATE_METHOD_MATCH = YES;
				CODE_SIGN_IDENTITY = "iPhone Developer";
				COPY_PHASE_STRIP = NO;
				DEBUG_INFORMATION_FORMAT = dwarf;
				ENABLE_STRICT_OBJC_MSGSEND = YES;
				ENABLE_TESTABILITY = YES;
				GCC_C_LANGUAGE_STANDARD = gnu11;
				GCC_DYNAMIC_NO_PIC = NO;
				GCC_NO_COMMON_BLOCKS = YES;
				GCC_OPTIMIZATION_LEVEL = 0;
				GCC_PREPROCESSOR_DEFINITIONS = (
					"DEBUG=1",
					"$(inherited)",
				);
				GCC_WARN_64_TO_32_BIT_CONVERSION = YES;
				GCC_WARN_ABOUT_RETURN_TYPE = YES_ERROR;
				GCC_WARN_UNDECLARED_SELECTOR = YES;
				GCC_WARN_UNINITIALIZED_AUTOS = YES_AGGRESSIVE;
				GCC_WARN_UNUSED_FUNCTION = YES;
				GCC_WARN_UNUSED_VARIABLE = YES;
				IPHONEOS_DEPLOYMENT_TARGET = 11.3;
				MTL_ENABLE_DEBUG_INFO = YES;
				ONLY_ACTIVE_ARCH = YES;
				SDKROOT = iphoneos;
				SWIFT_ACTIVE_COMPILATION_CONDITIONS = DEBUG;
				SWIFT_OPTIMIZATION_LEVEL = "-Onone";
			};
			name = Debug;
		};
		E1ED299620BCA23C007DBE66 /* Release */ = {
			isa = XCBuildConfiguration;
			buildSettings = {
				ALWAYS_SEARCH_USER_PATHS = NO;
				CLANG_ANALYZER_NONNULL = YES;
				CLANG_ANALYZER_NUMBER_OBJECT_CONVERSION = YES_AGGRESSIVE;
				CLANG_CXX_LANGUAGE_STANDARD = "gnu++14";
				CLANG_CXX_LIBRARY = "libc++";
				CLANG_ENABLE_MODULES = YES;
				CLANG_ENABLE_OBJC_ARC = YES;
				CLANG_ENABLE_OBJC_WEAK = YES;
				CLANG_WARN_BLOCK_CAPTURE_AUTORELEASING = YES;
				CLANG_WARN_BOOL_CONVERSION = YES;
				CLANG_WARN_COMMA = YES;
				CLANG_WARN_CONSTANT_CONVERSION = YES;
				CLANG_WARN_DEPRECATED_OBJC_IMPLEMENTATIONS = YES;
				CLANG_WARN_DIRECT_OBJC_ISA_USAGE = YES_ERROR;
				CLANG_WARN_DOCUMENTATION_COMMENTS = YES;
				CLANG_WARN_EMPTY_BODY = YES;
				CLANG_WARN_ENUM_CONVERSION = YES;
				CLANG_WARN_INFINITE_RECURSION = YES;
				CLANG_WARN_INT_CONVERSION = YES;
				CLANG_WARN_NON_LITERAL_NULL_CONVERSION = YES;
				CLANG_WARN_OBJC_IMPLICIT_RETAIN_SELF = YES;
				CLANG_WARN_OBJC_LITERAL_CONVERSION = YES;
				CLANG_WARN_OBJC_ROOT_CLASS = YES_ERROR;
				CLANG_WARN_RANGE_LOOP_ANALYSIS = YES;
				CLANG_WARN_STRICT_PROTOTYPES = YES;
				CLANG_WARN_SUSPICIOUS_MOVE = YES;
				CLANG_WARN_UNGUARDED_AVAILABILITY = YES_AGGRESSIVE;
				CLANG_WARN_UNREACHABLE_CODE = YES;
				CLANG_WARN__DUPLICATE_METHOD_MATCH = YES;
				CODE_SIGN_IDENTITY = "iPhone Developer";
				COPY_PHASE_STRIP = NO;
				DEBUG_INFORMATION_FORMAT = "dwarf-with-dsym";
				ENABLE_NS_ASSERTIONS = NO;
				ENABLE_STRICT_OBJC_MSGSEND = YES;
				GCC_C_LANGUAGE_STANDARD = gnu11;
				GCC_NO_COMMON_BLOCKS = YES;
				GCC_WARN_64_TO_32_BIT_CONVERSION = YES;
				GCC_WARN_ABOUT_RETURN_TYPE = YES_ERROR;
				GCC_WARN_UNDECLARED_SELECTOR = YES;
				GCC_WARN_UNINITIALIZED_AUTOS = YES_AGGRESSIVE;
				GCC_WARN_UNUSED_FUNCTION = YES;
				GCC_WARN_UNUSED_VARIABLE = YES;
				IPHONEOS_DEPLOYMENT_TARGET = 11.3;
				MTL_ENABLE_DEBUG_INFO = NO;
				SDKROOT = iphoneos;
				SWIFT_COMPILATION_MODE = wholemodule;
				SWIFT_OPTIMIZATION_LEVEL = "-O";
				VALIDATE_PRODUCT = YES;
			};
			name = Release;
		};
		E1ED299820BCA23C007DBE66 /* Debug */ = {
			isa = XCBuildConfiguration;
			buildSettings = {
				ASSETCATALOG_COMPILER_APPICON_NAME = AppIcon;
				CODE_SIGN_IDENTITY = "iPhone Developer";
				CODE_SIGN_STYLE = Automatic;
				DEVELOPMENT_TEAM = Q9L559MT2U;
				INFOPLIST_FILE = ObjectDetectionInAR/Info.plist;
				IPHONEOS_DEPLOYMENT_TARGET = 12.0;
				LD_RUNPATH_SEARCH_PATHS = (
					"$(inherited)",
					"@executable_path/Frameworks",
				);
				PRODUCT_BUNDLE_IDENTIFIER = ObjectDetectionInAR;
				PRODUCT_NAME = "$(TARGET_NAME)";
				PROVISIONING_PROFILE_SPECIFIER = "";
				SWIFT_VERSION = 4.0;
				TARGETED_DEVICE_FAMILY = "1,2";
			};
			name = Debug;
		};
		E1ED299920BCA23C007DBE66 /* Release */ = {
			isa = XCBuildConfiguration;
			buildSettings = {
				ASSETCATALOG_COMPILER_APPICON_NAME = AppIcon;
				CODE_SIGN_IDENTITY = "iPhone Developer";
				CODE_SIGN_STYLE = Automatic;
				DEVELOPMENT_TEAM = Q9L559MT2U;
				INFOPLIST_FILE = ObjectDetectionInAR/Info.plist;
				IPHONEOS_DEPLOYMENT_TARGET = 12.0;
				LD_RUNPATH_SEARCH_PATHS = (
					"$(inherited)",
					"@executable_path/Frameworks",
				);
				PRODUCT_BUNDLE_IDENTIFIER = ObjectDetectionInAR;
				PRODUCT_NAME = "$(TARGET_NAME)";
				PROVISIONING_PROFILE_SPECIFIER = "";
				SWIFT_VERSION = 4.0;
				TARGETED_DEVICE_FAMILY = "1,2";
			};
			name = Release;
		};
		E1ED299B20BCA23C007DBE66 /* Debug */ = {
			isa = XCBuildConfiguration;
			buildSettings = {
				ALWAYS_EMBED_SWIFT_STANDARD_LIBRARIES = YES;
				BUNDLE_LOADER = "$(TEST_HOST)";
				CODE_SIGN_STYLE = Automatic;
				DEVELOPMENT_TEAM = Q9L559MT2U;
				INFOPLIST_FILE = ObjectDetectionInARTests/Info.plist;
				LD_RUNPATH_SEARCH_PATHS = (
					"$(inherited)",
					"@executable_path/Frameworks",
					"@loader_path/Frameworks",
				);
				PRODUCT_BUNDLE_IDENTIFIER = "Jan-Inc..ObjectDetectionInARTests";
				PRODUCT_NAME = "$(TARGET_NAME)";
				SWIFT_VERSION = 4.0;
				TARGETED_DEVICE_FAMILY = "1,2";
				TEST_HOST = "$(BUILT_PRODUCTS_DIR)/ObjectDetectionInAR.app/ObjectDetectionInAR";
			};
			name = Debug;
		};
		E1ED299C20BCA23C007DBE66 /* Release */ = {
			isa = XCBuildConfiguration;
			buildSettings = {
				ALWAYS_EMBED_SWIFT_STANDARD_LIBRARIES = YES;
				BUNDLE_LOADER = "$(TEST_HOST)";
				CODE_SIGN_STYLE = Automatic;
				DEVELOPMENT_TEAM = Q9L559MT2U;
				INFOPLIST_FILE = ObjectDetectionInARTests/Info.plist;
				LD_RUNPATH_SEARCH_PATHS = (
					"$(inherited)",
					"@executable_path/Frameworks",
					"@loader_path/Frameworks",
				);
				PRODUCT_BUNDLE_IDENTIFIER = "Jan-Inc..ObjectDetectionInARTests";
				PRODUCT_NAME = "$(TARGET_NAME)";
				SWIFT_VERSION = 4.0;
				TARGETED_DEVICE_FAMILY = "1,2";
				TEST_HOST = "$(BUILT_PRODUCTS_DIR)/ObjectDetectionInAR.app/ObjectDetectionInAR";
			};
			name = Release;
		};
		E1ED299E20BCA23C007DBE66 /* Debug */ = {
			isa = XCBuildConfiguration;
			buildSettings = {
				ALWAYS_EMBED_SWIFT_STANDARD_LIBRARIES = YES;
				CODE_SIGN_STYLE = Automatic;
				DEVELOPMENT_TEAM = Q9L559MT2U;
				INFOPLIST_FILE = ObjectDetectionInARUITests/Info.plist;
				LD_RUNPATH_SEARCH_PATHS = (
					"$(inherited)",
					"@executable_path/Frameworks",
					"@loader_path/Frameworks",
				);
				PRODUCT_BUNDLE_IDENTIFIER = "Jan-Inc..ObjectDetectionInARUITests";
				PRODUCT_NAME = "$(TARGET_NAME)";
				SWIFT_VERSION = 4.0;
				TARGETED_DEVICE_FAMILY = "1,2";
				TEST_TARGET_NAME = ObjectDetectionInAR;
			};
			name = Debug;
		};
		E1ED299F20BCA23C007DBE66 /* Release */ = {
			isa = XCBuildConfiguration;
			buildSettings = {
				ALWAYS_EMBED_SWIFT_STANDARD_LIBRARIES = YES;
				CODE_SIGN_STYLE = Automatic;
				DEVELOPMENT_TEAM = Q9L559MT2U;
				INFOPLIST_FILE = ObjectDetectionInARUITests/Info.plist;
				LD_RUNPATH_SEARCH_PATHS = (
					"$(inherited)",
					"@executable_path/Frameworks",
					"@loader_path/Frameworks",
				);
				PRODUCT_BUNDLE_IDENTIFIER = "Jan-Inc..ObjectDetectionInARUITests";
				PRODUCT_NAME = "$(TARGET_NAME)";
				SWIFT_VERSION = 4.0;
				TARGETED_DEVICE_FAMILY = "1,2";
				TEST_TARGET_NAME = ObjectDetectionInAR;
			};
			name = Release;
		};
/* End XCBuildConfiguration section */

/* Begin XCConfigurationList section */
		E1ED296820BCA23B007DBE66 /* Build configuration list for PBXProject "ObjectDetectionInAR" */ = {
			isa = XCConfigurationList;
			buildConfigurations = (
				E1ED299520BCA23C007DBE66 /* Debug */,
				E1ED299620BCA23C007DBE66 /* Release */,
			);
			defaultConfigurationIsVisible = 0;
			defaultConfigurationName = Release;
		};
		E1ED299720BCA23C007DBE66 /* Build configuration list for PBXNativeTarget "ObjectDetectionInAR" */ = {
			isa = XCConfigurationList;
			buildConfigurations = (
				E1ED299820BCA23C007DBE66 /* Debug */,
				E1ED299920BCA23C007DBE66 /* Release */,
			);
			defaultConfigurationIsVisible = 0;
			defaultConfigurationName = Release;
		};
		E1ED299A20BCA23C007DBE66 /* Build configuration list for PBXNativeTarget "ObjectDetectionInARTests" */ = {
			isa = XCConfigurationList;
			buildConfigurations = (
				E1ED299B20BCA23C007DBE66 /* Debug */,
				E1ED299C20BCA23C007DBE66 /* Release */,
			);
			defaultConfigurationIsVisible = 0;
			defaultConfigurationName = Release;
		};
		E1ED299D20BCA23C007DBE66 /* Build configuration list for PBXNativeTarget "ObjectDetectionInARUITests" */ = {
			isa = XCConfigurationList;
			buildConfigurations = (
				E1ED299E20BCA23C007DBE66 /* Debug */,
				E1ED299F20BCA23C007DBE66 /* Release */,
			);
			defaultConfigurationIsVisible = 0;
			defaultConfigurationName = Release;
		};
/* End XCConfigurationList section */
	};
	rootObject = E1ED296520BCA23B007DBE66 /* Project object */;
}
